
Microsoft Visual Studio Solution File, Format Version 12.00
# Visual Studio 2012
Project("{FAE04EC0-301F-11D3-BF4B-00C04F79EFBC}") = "CREM.EVO.APP", "CREM.EVO\CREM.EVO.APP.csproj", "{22F6DD00-EF76-446E-9EE7-0C16AA6E4DCA}"
EndProject
Project("{FAE04EC0-301F-11D3-BF4B-00C04F79EFBC}") = "CREM.EVO.MODEL", "CREM.EVO.MODEL\CREM.EVO.MODEL.csproj", "{9817BE18-68AC-4727-A587-1741FE652271}"
EndProject
Project("{FAE04EC0-301F-11D3-BF4B-00C04F79EFBC}") = "CREM.EVO.Utility", "CREM.EVO.Utility\CREM.EVO.Utility.csproj", "{FF18206D-C0C1-40E1-BFFB-DBE84450E3B3}"
EndProject
Project("{FAE04EC0-301F-11D3-BF4B-00C04F79EFBC}") = "CREM.EVO.BLL", "CREM.EVO.BLL\CREM.EVO.BLL.csproj", "{24453D2D-B1E5-4EBF-8EE3-51EB7664DE34}"
EndProject
Project("{FAE04EC0-301F-11D3-BF4B-00C04F79EFBC}") = "EVO.TOOL.MAKEPIC", "EVO.TOOL.MAKEPIC\EVO.TOOL.MAKEPIC.csproj", "{C15B31A7-C888-4086-A087-E1BE7CDF3AE2}"
EndProject
Project("{FAE04EC0-301F-11D3-BF4B-00C04F79EFBC}") = "EVO.TOOL.USBFILE", "EVO.TOOL.USBFILE\EVO.TOOL.USBFILE.csproj", "{7F9A0346-DE19-4067-86EA-A8FF06288D13}"
EndProject
Project("{FAE04EC0-301F-11D3-BF4B-00C04F79EFBC}") = "EVO.Tool.LogManage", "EVO.Tool.LogManage\EVO.Tool.LogManage.csproj", "{BCEF7E6D-60B3-4F43-9852-C372ACA0B689}"
EndProject
Global
	GlobalSection(SolutionConfigurationPlatforms) = preSolution
		Debug|Any CPU = Debug|Any CPU
		Release|Any CPU = Release|Any CPU
	EndGlobalSection
	GlobalSection(ProjectConfigurationPlatforms) = postSolution
		{22F6DD00-EF76-446E-9EE7-0C16AA6E4DCA}.Debug|Any CPU.ActiveCfg = Debug|Any CPU
		{22F6DD00-EF76-446E-9EE7-0C16AA6E4DCA}.Debug|Any CPU.Build.0 = Debug|Any CPU
		{22F6DD00-EF76-446E-9EE7-0C16AA6E4DCA}.Release|Any CPU.ActiveCfg = Release|Any CPU
		{22F6DD00-EF76-446E-9EE7-0C16AA6E4DCA}.Release|Any CPU.Build.0 = Release|Any CPU
		{9817BE18-68AC-4727-A587-1741FE652271}.Debug|Any CPU.ActiveCfg = Debug|Any CPU
		{9817BE18-68AC-4727-A587-1741FE652271}.Debug|Any CPU.Build.0 = Debug|Any CPU
		{9817BE18-68AC-4727-A587-1741FE652271}.Release|Any CPU.ActiveCfg = Release|Any CPU
		{9817BE18-68AC-4727-A587-1741FE652271}.Release|Any CPU.Build.0 = Release|Any CPU
		{FF18206D-C0C1-40E1-BFFB-DBE84450E3B3}.Debug|Any CPU.ActiveCfg = Debug|Any CPU
		{FF18206D-C0C1-40E1-BFFB-DBE84450E3B3}.Debug|Any CPU.Build.0 = Debug|Any CPU
		{FF18206D-C0C1-40E1-BFFB-DBE84450E3B3}.Release|Any CPU.ActiveCfg = Release|Any CPU
		{FF18206D-C0C1-40E1-BFFB-DBE84450E3B3}.Release|Any CPU.Build.0 = Release|Any CPU
		{24453D2D-B1E5-4EBF-8EE3-51EB7664DE34}.Debug|Any CPU.ActiveCfg = Debug|Any CPU
		{24453D2D-B1E5-4EBF-8EE3-51EB7664DE34}.Debug|Any CPU.Build.0 = Debug|Any CPU
		{24453D2D-B1E5-4EBF-8EE3-51EB7664DE34}.Release|Any CPU.ActiveCfg = Release|Any CPU
		{24453D2D-B1E5-4EBF-8EE3-51EB7664DE34}.Release|Any CPU.Build.0 = Release|Any CPU
		{C15B31A7-C888-4086-A087-E1BE7CDF3AE2}.Debug|Any CPU.ActiveCfg = Debug|Any CPU
		{C15B31A7-C888-4086-A087-E1BE7CDF3AE2}.Debug|Any CPU.Build.0 = Debug|Any CPU
		{C15B31A7-C888-4086-A087-E1BE7CDF3AE2}.Release|Any CPU.ActiveCfg = Release|Any CPU
		{C15B31A7-C888-4086-A087-E1BE7CDF3AE2}.Release|Any CPU.Build.0 = Release|Any CPU
		{7F9A0346-DE19-4067-86EA-A8FF06288D13}.Debug|Any CPU.ActiveCfg = Debug|Any CPU
		{7F9A0346-DE19-4067-86EA-A8FF06288D13}.Debug|Any CPU.Build.0 = Debug|Any CPU
		{7F9A0346-DE19-4067-86EA-A8FF06288D13}.Release|Any CPU.ActiveCfg = Release|Any CPU
		{7F9A0346-DE19-4067-86EA-A8FF06288D13}.Release|Any CPU.Build.0 = Release|Any CPU
		{BCEF7E6D-60B3-4F43-9852-C372ACA0B689}.Debug|Any CPU.ActiveCfg = Debug|Any CPU
		{BCEF7E6D-60B3-4F43-9852-C372ACA0B689}.Debug|Any CPU.Build.0 = Debug|Any CPU
		{BCEF7E6D-60B3-4F43-9852-C372ACA0B689}.Release|Any CPU.ActiveCfg = Release|Any CPU
		{BCEF7E6D-60B3-4F43-9852-C372ACA0B689}.Release|Any CPU.Build.0 = Release|Any CPU
	EndGlobalSection
	GlobalSection(SolutionProperties) = preSolution
		HideSolutionNode = FALSE
	EndGlobalSection
EndGlobal
